// !$*UTF8*$!
{
	archiveVersion = 1;
	classes = {
	};
	objectVersion = 50;
	objects = {

/* Begin PBXBuildFile section */
		EFF9C3472431E22300C19D8C /* AppDelegate.m in Sources */ = {isa = PBXBuildFile; fileRef = EFF9C3462431E22300C19D8C /* AppDelegate.m */; };
		EFF9C34A2431E22300C19D8C /* SceneDelegate.m in Sources */ = {isa = PBXBuildFile; fileRef = EFF9C3492431E22300C19D8C /* SceneDelegate.m */; };
		EFF9C34D2431E22300C19D8C /* ViewController.m in Sources */ = {isa = PBXBuildFile; fileRef = EFF9C34C2431E22300C19D8C /* ViewController.m */; };
		EFF9C3502431E22300C19D8C /* Main.storyboard in Resources */ = {isa = PBXBuildFile; fileRef = EFF9C34E2431E22300C19D8C /* Main.storyboard */; };
		EFF9C3532431E22300C19D8C /* Beers.xcdatamodeld in Sources */ = {isa = PBXBuildFile; fileRef = EFF9C3512431E22300C19D8C /* Beers.xcdatamodeld */; };
		EFF9C3552431E22400C19D8C /* Assets.xcassets in Resources */ = {isa = PBXBuildFile; fileRef = EFF9C3542431E22400C19D8C /* Assets.xcassets */; };
		EFF9C3582431E22400C19D8C /* LaunchScreen.storyboard in Resources */ = {isa = PBXBuildFile; fileRef = EFF9C3562431E22400C19D8C /* LaunchScreen.storyboard */; };
		EFF9C35B2431E22400C19D8C /* main.m in Sources */ = {isa = PBXBuildFile; fileRef = EFF9C35A2431E22400C19D8C /* main.m */; };
/* End PBXBuildFile section */

/* Begin PBXFileReference section */
		EFF9C3422431E22300C19D8C /* Beers.app */ = {isa = PBXFileReference; explicitFileType = wrapper.application; includeInIndex = 0; path = Beers.app; sourceTree = BUILT_PRODUCTS_DIR; };
		EFF9C3452431E22300C19D8C /* AppDelegate.h */ = {isa = PBXFileReference; lastKnownFileType = sourcecode.c.h; path = AppDelegate.h; sourceTree = "<group>"; };
		EFF9C3462431E22300C19D8C /* AppDelegate.m */ = {isa = PBXFileReference; lastKnownFileType = sourcecode.c.objc; path = AppDelegate.m; sourceTree = "<group>"; };
		EFF9C3482431E22300C19D8C /* SceneDelegate.h */ = {isa = PBXFileReference; lastKnownFileType = sourcecode.c.h; path = SceneDelegate.h; sourceTree = "<group>"; };
		EFF9C3492431E22300C19D8C /* SceneDelegate.m */ = {isa = PBXFileReference; lastKnownFileType = sourcecode.c.objc; path = SceneDelegate.m; sourceTree = "<group>"; };
		EFF9C34B2431E22300C19D8C /* ViewController.h */ = {isa = PBXFileReference; lastKnownFileType = sourcecode.c.h; path = ViewController.h; sourceTree = "<group>"; };
		EFF9C34C2431E22300C19D8C /* ViewController.m */ = {isa = PBXFileReference; lastKnownFileType = sourcecode.c.objc; path = ViewController.m; sourceTree = "<group>"; };
		EFF9C34F2431E22300C19D8C /* Base */ = {isa = PBXFileReference; lastKnownFileType = file.storyboard; name = Base; path = Base.lproj/Main.storyboard; sourceTree = "<group>"; };
		EFF9C3522431E22300C19D8C /* Beers.xcdatamodel */ = {isa = PBXFileReference; lastKnownFileType = wrapper.xcdatamodel; path = Beers.xcdatamodel; sourceTree = "<group>"; };
		EFF9C3542431E22400C19D8C /* Assets.xcassets */ = {isa = PBXFileReference; lastKnownFileType = folder.assetcatalog; path = Assets.xcassets; sourceTree = "<group>"; };
		EFF9C3572431E22400C19D8C /* Base */ = {isa = PBXFileReference; lastKnownFileType = file.storyboard; name = Base; path = Base.lproj/LaunchScreen.storyboard; sourceTree = "<group>"; };
		EFF9C3592431E22400C19D8C /* Info.plist */ = {isa = PBXFileReference; lastKnownFileType = text.plist.xml; path = Info.plist; sourceTree = "<group>"; };
		EFF9C35A2431E22400C19D8C /* main.m */ = {isa = PBXFileReference; lastKnownFileType = sourcecode.c.objc; path = main.m; sourceTree = "<group>"; };
/* End PBXFileReference section */

/* Begin PBXFrameworksBuildPhase section */
		EFF9C33F2431E22300C19D8C /* Frameworks */ = {
			isa = PBXFrameworksBuildPhase;
			buildActionMask = 2147483647;
			files = (
			);
			runOnlyForDeploymentPostprocessing = 0;
		};
/* End PBXFrameworksBuildPhase section */

/* Begin PBXGroup section */
		EFF9C3392431E22300C19D8C = {
			isa = PBXGroup;
			children = (
				EFF9C3442431E22300C19D8C /* Beers */,
				EFF9C3432431E22300C19D8C /* Products */,
			);
			sourceTree = "<group>";
		};
		EFF9C3432431E22300C19D8C /* Products */ = {
			isa = PBXGroup;
			children = (
				EFF9C3422431E22300C19D8C /* Beers.app */,
			);
			name = Products;
			sourceTree = "<group>";
		};
		EFF9C3442431E22300C19D8C /* Beers */ = {
			isa = PBXGroup;
			children = (
				EFF9C3452431E22300C19D8C /* AppDelegate.h */,
				EFF9C3462431E22300C19D8C /* AppDelegate.m */,
				EFF9C3482431E22300C19D8C /* SceneDelegate.h */,
				EFF9C3492431E22300C19D8C /* SceneDelegate.m */,
				EFF9C34B2431E22300C19D8C /* ViewController.h */,
				EFF9C34C2431E22300C19D8C /* ViewController.m */,
				EFF9C34E2431E22300C19D8C /* Main.storyboard */,
				EFF9C3542431E22400C19D8C /* Assets.xcassets */,
				EFF9C3562431E22400C19D8C /* LaunchScreen.storyboard */,
				EFF9C3592431E22400C19D8C /* Info.plist */,
				EFF9C35A2431E22400C19D8C /* main.m */,
				EFF9C3512431E22300C19D8C /* Beers.xcdatamodeld */,
			);
			path = Beers;
			sourceTree = "<group>";
		};
/* End PBXGroup section */

/* Begin PBXNativeTarget section */
		EFF9C3412431E22300C19D8C /* Beers */ = {
			isa = PBXNativeTarget;
			buildConfigurationList = EFF9C35E2431E22400C19D8C /* Build configuration list for PBXNativeTarget "Beers" */;
			buildPhases = (
				EFF9C33E2431E22300C19D8C /* Sources */,
				EFF9C33F2431E22300C19D8C /* Frameworks */,
				EFF9C3402431E22300C19D8C /* Resources */,
			);
			buildRules = (
			);
			dependencies = (
			);
			name = Beers;
			productName = Beers;
			productReference = EFF9C3422431E22300C19D8C /* Beers.app */;
			productType = "com.apple.product-type.application";
		};
/* End PBXNativeTarget section */

/* Begin PBXProject section */
		EFF9C33A2431E22300C19D8C /* Project object */ = {
			isa = PBXProject;
			attributes = {
				LastUpgradeCheck = 1130;
				ORGANIZATIONNAME = "Pedro Costa";
				TargetAttributes = {
					EFF9C3412431E22300C19D8C = {
						CreatedOnToolsVersion = 11.3.1;
					};
				};
			};
			buildConfigurationList = EFF9C33D2431E22300C19D8C /* Build configuration list for PBXProject "Beers" */;
			compatibilityVersion = "Xcode 9.3";
			developmentRegion = en;
			hasScannedForEncodings = 0;
			knownRegions = (
				en,
				Base,
			);
			mainGroup = EFF9C3392431E22300C19D8C;
			productRefGroup = EFF9C3432431E22300C19D8C /* Products */;
			projectDirPath = "";
			projectRoot = "";
			targets = (
				EFF9C3412431E22300C19D8C /* Beers */,
			);
		};
/* End PBXProject section */

/* Begin PBXResourcesBuildPhase section */
		EFF9C3402431E22300C19D8C /* Resources */ = {
			isa = PBXResourcesBuildPhase;
			buildActionMask = 2147483647;
			files = (
				EFF9C3582431E22400C19D8C /* LaunchScreen.storyboard in Resources */,
				EFF9C3552431E22400C19D8C /* Assets.xcassets in Resources */,
				EFF9C3502431E22300C19D8C /* Main.storyboard in Resources */,
			);
			runOnlyForDeploymentPostprocessing = 0;
		};
/* End PBXResourcesBuildPhase section */

/* Begin PBXSourcesBuildPhase section */
		EFF9C33E2431E22300C19D8C /* Sources */ = {
			isa = PBXSourcesBuildPhase;
			buildActionMask = 2147483647;
			files = (
				EFF9C35B2431E22400C19D8C /* main.m in Sources */,
				EFF9C34D2431E22300C19D8C /* ViewController.m in Sources */,
				EFF9C3472431E22300C19D8C /* AppDelegate.m in Sources */,
				EFF9C34A2431E22300C19D8C /* SceneDelegate.m in Sources */,
				EFF9C3532431E22300C19D8C /* Beers.xcdatamodeld in Sources */,
			);
			runOnlyForDeploymentPostprocessing = 0;
		};
/* End PBXSourcesBuildPhase section */

/* Begin PBXVariantGroup section */
		EFF9C34E2431E22300C19D8C /* Main.storyboard */ = {
			isa = PBXVariantGroup;
			children = (
				EFF9C34F2431E22300C19D8C /* Base */,
			);
			name = Main.storyboard;
			sourceTree = "<group>";
		};
		EFF9C3562431E22400C19D8C /* LaunchScreen.storyboard */ = {
			isa = PBXVariantGroup;
			children = (
				EFF9C3572431E22400C19D8C /* Base */,
			);
			name = LaunchScreen.storyboard;
			sourceTree = "<group>";
		};
/* End PBXVariantGroup section */

/* Begin XCBuildConfiguration section */
		EFF9C35C2431E22400C19D8C /* Debug */ = {
			isa = XCBuildConfiguration;
			buildSettings = {
				ALWAYS_SEARCH_USER_PATHS = NO;
				CLANG_ANALYZER_NONNULL = YES;
				CLANG_ANALYZER_NUMBER_OBJECT_CONVERSION = YES_AGGRESSIVE;
				CLANG_CXX_LANGUAGE_STANDARD = "gnu++14";
				CLANG_CXX_LIBRARY = "libc++";
				CLANG_ENABLE_MODULES = YES;
				CLANG_ENABLE_OBJC_ARC = YES;
				CLANG_ENABLE_OBJC_WEAK = YES;
				CLANG_WARN_BLOCK_CAPTURE_AUTORELEASING = YES;
				CLANG_WARN_BOOL_CONVERSION = YES;
				CLANG_WARN_COMMA = YES;
				CLANG_WARN_CONSTANT_CONVERSION = YES;
				CLANG_WARN_DEPRECATED_OBJC_IMPLEMENTATIONS = YES;
				CLANG_WARN_DIRECT_OBJC_ISA_USAGE = YES_ERROR;
				CLANG_WARN_DOCUMENTATION_COMMENTS = YES;
				CLANG_WARN_EMPTY_BODY = YES;
				CLANG_WARN_ENUM_CONVERSION = YES;
				CLANG_WARN_INFINITE_RECURSION = YES;
				CLANG_WARN_INT_CONVERSION = YES;
				CLANG_WARN_NON_LITERAL_NULL_CONVERSION = YES;
				CLANG_WARN_OBJC_IMPLICIT_RETAIN_SELF = YES;
				CLANG_WARN_OBJC_LITERAL_CONVERSION = YES;
				CLANG_WARN_OBJC_ROOT_CLASS = YES_ERROR;
				CLANG_WARN_RANGE_LOOP_ANALYSIS = YES;
				CLANG_WARN_STRICT_PROTOTYPES = YES;
				CLANG_WARN_SUSPICIOUS_MOVE = YES;
				CLANG_WARN_UNGUARDED_AVAILABILITY = YES_AGGRESSIVE;
				CLANG_WARN_UNREACHABLE_CODE = YES;
				CLANG_WARN__DUPLICATE_METHOD_MATCH = YES;
				COPY_PHASE_STRIP = NO;
				DEBUG_INFORMATION_FORMAT = dwarf;
				ENABLE_STRICT_OBJC_MSGSEND = YES;
				ENABLE_TESTABILITY = YES;
				GCC_C_LANGUAGE_STANDARD = gnu11;
				GCC_DYNAMIC_NO_PIC = NO;
				GCC_NO_COMMON_BLOCKS = YES;
				GCC_OPTIMIZATION_LEVEL = 0;
				GCC_PREPROCESSOR_DEFINITIONS = (
					"DEBUG=1",
					"$(inherited)",
				);
				GCC_WARN_64_TO_32_BIT_CONVERSION = YES;
				GCC_WARN_ABOUT_RETURN_TYPE = YES_ERROR;
				GCC_WARN_UNDECLARED_SELECTOR = YES;
				GCC_WARN_UNINITIALIZED_AUTOS = YES_AGGRESSIVE;
				GCC_WARN_UNUSED_FUNCTION = YES;
				GCC_WARN_UNUSED_VARIABLE = YES;
				IPHONEOS_DEPLOYMENT_TARGET = 13.2;
				MTL_ENABLE_DEBUG_INFO = INCLUDE_SOURCE;
				MTL_FAST_MATH = YES;
				ONLY_ACTIVE_ARCH = YES;
				SDKROOT = iphoneos;
			};
			name = Debug;
		};
		EFF9C35D2431E22400C19D8C /* Release */ = {
			isa = XCBuildConfiguration;
			buildSettings = {
				ALWAYS_SEARCH_USER_PATHS = NO;
				CLANG_ANALYZER_NONNULL = YES;
				CLANG_ANALYZER_NUMBER_OBJECT_CONVERSION = YES_AGGRESSIVE;
				CLANG_CXX_LANGUAGE_STANDARD = "gnu++14";
				CLANG_CXX_LIBRARY = "libc++";
				CLANG_ENABLE_MODULES = YES;
				CLANG_ENABLE_OBJC_ARC = YES;
				CLANG_ENABLE_OBJC_WEAK = YES;
				CLANG_WARN_BLOCK_CAPTURE_AUTORELEASING = YES;
				CLANG_WARN_BOOL_CONVERSION = YES;
				CLANG_WARN_COMMA = YES;
				CLANG_WARN_CONSTANT_CONVERSION = YES;
				CLANG_WARN_DEPRECATED_OBJC_IMPLEMENTATIONS = YES;
				CLANG_WARN_DIRECT_OBJC_ISA_USAGE = YES_ERROR;
				CLANG_WARN_DOCUMENTATION_COMMENTS = YES;
				CLANG_WARN_EMPTY_BODY = YES;
				CLANG_WARN_ENUM_CONVERSION = YES;
				CLANG_WARN_INFINITE_RECURSION = YES;
				CLANG_WARN_INT_CONVERSION = YES;
				CLANG_WARN_NON_LITERAL_NULL_CONVERSION = YES;
				CLANG_WARN_OBJC_IMPLICIT_RETAIN_SELF = YES;
				CLANG_WARN_OBJC_LITERAL_CONVERSION = YES;
				CLANG_WARN_OBJC_ROOT_CLASS = YES_ERROR;
				CLANG_WARN_RANGE_LOOP_ANALYSIS = YES;
				CLANG_WARN_STRICT_PROTOTYPES = YES;
				CLANG_WARN_SUSPICIOUS_MOVE = YES;
				CLANG_WARN_UNGUARDED_AVAILABILITY = YES_AGGRESSIVE;
				CLANG_WARN_UNREACHABLE_CODE = YES;
				CLANG_WARN__DUPLICATE_METHOD_MATCH = YES;
				COPY_PHASE_STRIP = NO;
				DEBUG_INFORMATION_FORMAT = "dwarf-with-dsym";
				ENABLE_NS_ASSERTIONS = NO;
				ENABLE_STRICT_OBJC_MSGSEND = YES;
				GCC_C_LANGUAGE_STANDARD = gnu11;
				GCC_NO_COMMON_BLOCKS = YES;
				GCC_WARN_64_TO_32_BIT_CONVERSION = YES;
				GCC_WARN_ABOUT_RETURN_TYPE = YES_ERROR;
				GCC_WARN_UNDECLARED_SELECTOR = YES;
				GCC_WARN_UNINITIALIZED_AUTOS = YES_AGGRESSIVE;
				GCC_WARN_UNUSED_FUNCTION = YES;
				GCC_WARN_UNUSED_VARIABLE = YES;
				IPHONEOS_DEPLOYMENT_TARGET = 13.2;
				MTL_ENABLE_DEBUG_INFO = NO;
				MTL_FAST_MATH = YES;
				SDKROOT = iphoneos;
				VALIDATE_PRODUCT = YES;
			};
			name = Release;
		};
		EFF9C35F2431E22400C19D8C /* Debug */ = {
			isa = XCBuildConfiguration;
			buildSettings = {
				ASSETCATALOG_COMPILER_APPICON_NAME = AppIcon;
				CODE_SIGN_STYLE = Automatic;
				DEVELOPMENT_TEAM = 52HEN46JT4;
				INFOPLIST_FILE = Beers/Info.plist;
				LD_RUNPATH_SEARCH_PATHS = (
					"$(inherited)",
					"@executable_path/Frameworks",
				);
				PRODUCT_BUNDLE_IDENTIFIER = null.Beers;
				PRODUCT_NAME = "$(TARGET_NAME)";
				TARGETED_DEVICE_FAMILY = "1,2";
			};
			name = Debug;
		};
		EFF9C3602431E22400C19D8C /* Release */ = {
			isa = XCBuildConfiguration;
			buildSettings = {
				ASSETCATALOG_COMPILER_APPICON_NAME = AppIcon;
				CODE_SIGN_STYLE = Automatic;
				DEVELOPMENT_TEAM = 52HEN46JT4;
				INFOPLIST_FILE = Beers/Info.plist;
				LD_RUNPATH_SEARCH_PATHS = (
					"$(inherited)",
					"@executable_path/Frameworks",
				);
				PRODUCT_BUNDLE_IDENTIFIER = null.Beers;
				PRODUCT_NAME = "$(TARGET_NAME)";
				TARGETED_DEVICE_FAMILY = "1,2";
			};
			name = Release;
		};
/* End XCBuildConfiguration section */

/* Begin XCConfigurationList section */
		EFF9C33D2431E22300C19D8C /* Build configuration list for PBXProject "Beers" */ = {
			isa = XCConfigurationList;
			buildConfigurations = (
				EFF9C35C2431E22400C19D8C /* Debug */,
				EFF9C35D2431E22400C19D8C /* Release */,
			);
			defaultConfigurationIsVisible = 0;
			defaultConfigurationName = Release;
		};
		EFF9C35E2431E22400C19D8C /* Build configuration list for PBXNativeTarget "Beers" */ = {
			isa = XCConfigurationList;
			buildConfigurations = (
				EFF9C35F2431E22400C19D8C /* Debug */,
				EFF9C3602431E22400C19D8C /* Release */,
			);
			defaultConfigurationIsVisible = 0;
			defaultConfigurationName = Release;
		};
/* End XCConfigurationList section */

/* Begin XCVersionGroup section */
		EFF9C3512431E22300C19D8C /* Beers.xcdatamodeld */ = {
			isa = XCVersionGroup;
			children = (
				EFF9C3522431E22300C19D8C /* Beers.xcdatamodel */,
			);
			currentVersion = EFF9C3522431E22300C19D8C /* Beers.xcdatamodel */;
			path = Beers.xcdatamodeld;
			sourceTree = "<group>";
			versionGroupType = wrapper.xcdatamodel;
		};
/* End XCVersionGroup section */
	};
	rootObject = EFF9C33A2431E22300C19D8C /* Project object */;
}
